
Microsoft Visual Studio Solution File, Format Version 12.00
# Visual Studio Version 17
VisualStudioVersion = 17.6.33723.286
MinimumVisualStudioVersion = 10.0.40219.1
Project("{9A19103F-16F7-4668-BE54-9A1E7A4F7556}") = "Calculator", "Calculator.csproj", "{C35A109E-88DB-45D0-A07F-D6302ED31248}"
EndProject
Project("{FAE04EC0-301F-11D3-BF4B-00C04F79EFBC}") = "KTANE", "..\KTANE\KTANE.csproj", "{46C1DDFD-6BCA-4A97-BA9F-459A56EDCC9D}"
EndProject
Global
	GlobalSection(SolutionConfigurationPlatforms) = preSolution
		Debug|Any CPU = Debug|Any CPU
		Release|Any CPU = Release|Any CPU
	EndGlobalSection
	GlobalSection(ProjectConfigurationPlatforms) = postSolution
		{C35A109E-88DB-45D0-A07F-D6302ED31248}.Debug|Any CPU.ActiveCfg = Debug|Any CPU
		{C35A109E-88DB-45D0-A07F-D6302ED31248}.Debug|Any CPU.Build.0 = Debug|Any CPU
		{C35A109E-88DB-45D0-A07F-D6302ED31248}.Release|Any CPU.ActiveCfg = Release|Any CPU
		{C35A109E-88DB-45D0-A07F-D6302ED31248}.Release|Any CPU.Build.0 = Release|Any CPU
		{46C1DDFD-6BCA-4A97-BA9F-459A56EDCC9D}.Debug|Any CPU.ActiveCfg = Debug|Any CPU
		{46C1DDFD-6BCA-4A97-BA9F-459A56EDCC9D}.Debug|Any CPU.Build.0 = Debug|Any CPU
		{46C1DDFD-6BCA-4A97-BA9F-459A56EDCC9D}.Release|Any CPU.ActiveCfg = Release|Any CPU
		{46C1DDFD-6BCA-4A97-BA9F-459A56EDCC9D}.Release|Any CPU.Build.0 = Release|Any CPU
	EndGlobalSection
	GlobalSection(SolutionProperties) = preSolution
		HideSolutionNode = FALSE
	EndGlobalSection
	GlobalSection(ExtensibilityGlobals) = postSolution
		SolutionGuid = {7CE68EFD-F00A-46DF-B46E-1227C2904890}
	EndGlobalSection
EndGlobal
